
Microsoft Visual Studio Solution File, Format Version 12.00
# Visual Studio Express 2013 for Windows Desktop
VisualStudioVersion = 12.0.30110.0
MinimumVisualStudioVersion = 10.0.40219.1
Project("{FAE04EC0-301F-11D3-BF4B-00C04F79EFBC}") = "PartAngleDisplay", "PartAngleDisplay\PartAngleDisplay.csproj", "{8E966DFD-4074-4191-B46A-A2773560A527}"
EndProject
Global
	GlobalSection(SolutionConfigurationPlatforms) = preSolution
		Debug|Any CPU = Debug|Any CPU
		Release|Any CPU = Release|Any CPU
	EndGlobalSection
	GlobalSection(ProjectConfigurationPlatforms) = postSolution
		{8E966DFD-4074-4191-B46A-A2773560A527}.Debug|Any CPU.ActiveCfg = Debug|Any CPU
		{8E966DFD-4074-4191-B46A-A2773560A527}.Debug|Any CPU.Build.0 = Debug|Any CPU
		{8E966DFD-4074-4191-B46A-A2773560A527}.Release|Any CPU.ActiveCfg = Release|Any CPU
		{8E966DFD-4074-4191-B46A-A2773560A527}.Release|Any CPU.Build.0 = Release|Any CPU
	EndGlobalSection
	GlobalSection(SolutionProperties) = preSolution
		HideSolutionNode = FALSE
	EndGlobalSection
EndGlobal
